
Microsoft Visual Studio Solution File, Format Version 12.00
# Visual Studio Version 17
VisualStudioVersion = 17.0.32014.148
MinimumVisualStudioVersion = 10.0.40219.1
Project("{9A19103F-16F7-4668-BE54-9A1E7A4F7556}") = "torpedo", "torpedo\torpedo.csproj", "{5CB1272D-0160-45E5-9739-10E121E63F65}"
EndProject
Project("{9A19103F-16F7-4668-BE54-9A1E7A4F7556}") = "torpedoTesterConsoleApp", "torpedoTesterConsoleApp\torpedoTesterConsoleApp.csproj", "{5B879CA9-F4B0-4169-BCC0-393263038AF1}"
EndProject
Project("{FAE04EC0-301F-11D3-BF4B-00C04F79EFBC}") = "TorpedoService", "TorpedoService\TorpedoService.csproj", "{085259BF-65BC-46D7-8F8B-A2FE7F37D4D0}"
EndProject
Global
	GlobalSection(SolutionConfigurationPlatforms) = preSolution
		Debug|Any CPU = Debug|Any CPU
		Release|Any CPU = Release|Any CPU
	EndGlobalSection
	GlobalSection(ProjectConfigurationPlatforms) = postSolution
		{5CB1272D-0160-45E5-9739-10E121E63F65}.Debug|Any CPU.ActiveCfg = Debug|Any CPU
		{5CB1272D-0160-45E5-9739-10E121E63F65}.Debug|Any CPU.Build.0 = Debug|Any CPU
		{5CB1272D-0160-45E5-9739-10E121E63F65}.Release|Any CPU.ActiveCfg = Release|Any CPU
		{5CB1272D-0160-45E5-9739-10E121E63F65}.Release|Any CPU.Build.0 = Release|Any CPU
		{5B879CA9-F4B0-4169-BCC0-393263038AF1}.Debug|Any CPU.ActiveCfg = Debug|Any CPU
		{5B879CA9-F4B0-4169-BCC0-393263038AF1}.Debug|Any CPU.Build.0 = Debug|Any CPU
		{5B879CA9-F4B0-4169-BCC0-393263038AF1}.Release|Any CPU.ActiveCfg = Release|Any CPU
		{5B879CA9-F4B0-4169-BCC0-393263038AF1}.Release|Any CPU.Build.0 = Release|Any CPU
		{085259BF-65BC-46D7-8F8B-A2FE7F37D4D0}.Debug|Any CPU.ActiveCfg = Debug|Any CPU
		{085259BF-65BC-46D7-8F8B-A2FE7F37D4D0}.Debug|Any CPU.Build.0 = Debug|Any CPU
		{085259BF-65BC-46D7-8F8B-A2FE7F37D4D0}.Release|Any CPU.ActiveCfg = Release|Any CPU
		{085259BF-65BC-46D7-8F8B-A2FE7F37D4D0}.Release|Any CPU.Build.0 = Release|Any CPU
	EndGlobalSection
	GlobalSection(SolutionProperties) = preSolution
		HideSolutionNode = FALSE
	EndGlobalSection
	GlobalSection(ExtensibilityGlobals) = postSolution
		SolutionGuid = {3C660149-F7B1-4058-AF52-C509F5ED1850}
	EndGlobalSection
EndGlobal
